
Microsoft Visual Studio Solution File, Format Version 12.00
# Visual Studio Version 17
VisualStudioVersion = 17.5.33424.131
MinimumVisualStudioVersion = 10.0.40219.1
Project("{8BC9CEB8-8B4A-11D0-8D11-00A0C91BC942}") = "TunnelDweller.Core", "TunnelDweller.Core\TunnelDweller.Core.vcxproj", "{7D432E3B-695E-46E8-B8A9-6FC995012539}"
EndProject
Project("{FAE04EC0-301F-11D3-BF4B-00C04F79EFBC}") = "TunnelDweller.NetCore", "TunnelDweller.NetCore\TunnelDweller.NetCore.csproj", "{9093748E-9C57-453E-BD72-F65C9EFF381B}"
EndProject
Project("{FAE04EC0-301F-11D3-BF4B-00C04F79EFBC}") = "TunnelDweller.Warp", "TunnelDweller.Warp\TunnelDweller.Warp.csproj", "{86AFEB2E-83E7-4AB4-B9CE-6719FB679091}"
EndProject
Project("{FAE04EC0-301F-11D3-BF4B-00C04F79EFBC}") = "TunnelDweller.Overlay", "TunnelDweller.Overlay\TunnelDweller.Overlay.csproj", "{0D7080F7-0D24-48C2-A518-5119A3B1231F}"
EndProject
Project("{9A19103F-16F7-4668-BE54-9A1E7A4F7556}") = "TunnelDweller.Injector", "TunnelDweller.Injector\TunnelDweller.Injector.csproj", "{BFC4406F-CA3D-4A8B-B3C0-9EE4644DEBEF}"
EndProject
Project("{FAE04EC0-301F-11D3-BF4B-00C04F79EFBC}") = "TunnelDweller.WidescreenFix", "TunnelDweller.WidescreenFix\TunnelDweller.WidescreenFix.csproj", "{2AD50708-6C87-4BF4-B3CC-1931D9595497}"
EndProject
Project("{FAE04EC0-301F-11D3-BF4B-00C04F79EFBC}") = "TunnelDweller.SpeedMeter", "TunnelDweller.SpeedMeter\TunnelDweller.SpeedMeter.csproj", "{0D63031D-8AEE-475B-AC45-61565E6905A4}"
EndProject
Project("{FAE04EC0-301F-11D3-BF4B-00C04F79EFBC}") = "TunnelDweller.VarMod", "TunnelDweller.VarMod\TunnelDweller.VarMod.csproj", "{034E8C0E-E6C4-4ED2-AB37-590AA77CBA51}"
EndProject
Project("{D954291E-2A0B-460D-934E-DC6B0785DB48}") = "TunnelDweller.Shared", "TunnelDweller.Shared\TunnelDweller.Shared.shproj", "{06A53C11-03E4-44BF-9373-33210CFF09F4}"
EndProject
Project("{9A19103F-16F7-4668-BE54-9A1E7A4F7556}") = "TunnelDweller.Updater", "TunnelDweller.Updater\TunnelDweller.Updater.csproj", "{19C009F0-05D6-4C72-B495-E2C3523A7357}"
EndProject
Project("{FAE04EC0-301F-11D3-BF4B-00C04F79EFBC}") = "TunnelDweller.SpeedRun", "TunnelDweller.SpeedRun\TunnelDweller.SpeedRun.csproj", "{A945DAA7-AB58-4626-AA1A-BE76AF0E1AD6}"
EndProject
Global
	GlobalSection(SolutionConfigurationPlatforms) = preSolution
		Debug|Any CPU = Debug|Any CPU
		Debug|x64 = Debug|x64
		Debug|x86 = Debug|x86
		Release|Any CPU = Release|Any CPU
		Release|x64 = Release|x64
		Release|x86 = Release|x86
	EndGlobalSection
	GlobalSection(ProjectConfigurationPlatforms) = postSolution
		{7D432E3B-695E-46E8-B8A9-6FC995012539}.Debug|Any CPU.ActiveCfg = Debug|x64
		{7D432E3B-695E-46E8-B8A9-6FC995012539}.Debug|Any CPU.Build.0 = Debug|x64
		{7D432E3B-695E-46E8-B8A9-6FC995012539}.Debug|x64.ActiveCfg = Debug|x64
		{7D432E3B-695E-46E8-B8A9-6FC995012539}.Debug|x64.Build.0 = Debug|x64
		{7D432E3B-695E-46E8-B8A9-6FC995012539}.Debug|x86.ActiveCfg = Debug|Win32
		{7D432E3B-695E-46E8-B8A9-6FC995012539}.Debug|x86.Build.0 = Debug|Win32
		{7D432E3B-695E-46E8-B8A9-6FC995012539}.Release|Any CPU.ActiveCfg = Release|x64
		{7D432E3B-695E-46E8-B8A9-6FC995012539}.Release|Any CPU.Build.0 = Release|x64
		{7D432E3B-695E-46E8-B8A9-6FC995012539}.Release|x64.ActiveCfg = Release|x64
		{7D432E3B-695E-46E8-B8A9-6FC995012539}.Release|x64.Build.0 = Release|x64
		{7D432E3B-695E-46E8-B8A9-6FC995012539}.Release|x86.ActiveCfg = Release|Win32
		{7D432E3B-695E-46E8-B8A9-6FC995012539}.Release|x86.Build.0 = Release|Win32
		{9093748E-9C57-453E-BD72-F65C9EFF381B}.Debug|Any CPU.ActiveCfg = Debug|Any CPU
		{9093748E-9C57-453E-BD72-F65C9EFF381B}.Debug|Any CPU.Build.0 = Debug|Any CPU
		{9093748E-9C57-453E-BD72-F65C9EFF381B}.Debug|x64.ActiveCfg = Debug|x64
		{9093748E-9C57-453E-BD72-F65C9EFF381B}.Debug|x64.Build.0 = Debug|x64
		{9093748E-9C57-453E-BD72-F65C9EFF381B}.Debug|x86.ActiveCfg = Debug|Any CPU
		{9093748E-9C57-453E-BD72-F65C9EFF381B}.Debug|x86.Build.0 = Debug|Any CPU
		{9093748E-9C57-453E-BD72-F65C9EFF381B}.Release|Any CPU.ActiveCfg = Release|Any CPU
		{9093748E-9C57-453E-BD72-F65C9EFF381B}.Release|Any CPU.Build.0 = Release|Any CPU
		{9093748E-9C57-453E-BD72-F65C9EFF381B}.Release|x64.ActiveCfg = Release|x64
		{9093748E-9C57-453E-BD72-F65C9EFF381B}.Release|x64.Build.0 = Release|x64
		{9093748E-9C57-453E-BD72-F65C9EFF381B}.Release|x86.ActiveCfg = Release|Any CPU
		{9093748E-9C57-453E-BD72-F65C9EFF381B}.Release|x86.Build.0 = Release|Any CPU
		{86AFEB2E-83E7-4AB4-B9CE-6719FB679091}.Debug|Any CPU.ActiveCfg = Debug|Any CPU
		{86AFEB2E-83E7-4AB4-B9CE-6719FB679091}.Debug|Any CPU.Build.0 = Debug|Any CPU
		{86AFEB2E-83E7-4AB4-B9CE-6719FB679091}.Debug|x64.ActiveCfg = Debug|x64
		{86AFEB2E-83E7-4AB4-B9CE-6719FB679091}.Debug|x64.Build.0 = Debug|x64
		{86AFEB2E-83E7-4AB4-B9CE-6719FB679091}.Debug|x86.ActiveCfg = Debug|Any CPU
		{86AFEB2E-83E7-4AB4-B9CE-6719FB679091}.Debug|x86.Build.0 = Debug|Any CPU
		{86AFEB2E-83E7-4AB4-B9CE-6719FB679091}.Release|Any CPU.ActiveCfg = Release|Any CPU
		{86AFEB2E-83E7-4AB4-B9CE-6719FB679091}.Release|Any CPU.Build.0 = Release|Any CPU
		{86AFEB2E-83E7-4AB4-B9CE-6719FB679091}.Release|x64.ActiveCfg = Release|x64
		{86AFEB2E-83E7-4AB4-B9CE-6719FB679091}.Release|x64.Build.0 = Release|x64
		{86AFEB2E-83E7-4AB4-B9CE-6719FB679091}.Release|x86.ActiveCfg = Release|Any CPU
		{86AFEB2E-83E7-4AB4-B9CE-6719FB679091}.Release|x86.Build.0 = Release|Any CPU
		{0D7080F7-0D24-48C2-A518-5119A3B1231F}.Debug|Any CPU.ActiveCfg = Debug|Any CPU
		{0D7080F7-0D24-48C2-A518-5119A3B1231F}.Debug|Any CPU.Build.0 = Debug|Any CPU
		{0D7080F7-0D24-48C2-A518-5119A3B1231F}.Debug|x64.ActiveCfg = Debug|x64
		{0D7080F7-0D24-48C2-A518-5119A3B1231F}.Debug|x64.Build.0 = Debug|x64
		{0D7080F7-0D24-48C2-A518-5119A3B1231F}.Debug|x86.ActiveCfg = Debug|Any CPU
		{0D7080F7-0D24-48C2-A518-5119A3B1231F}.Debug|x86.Build.0 = Debug|Any CPU
		{0D7080F7-0D24-48C2-A518-5119A3B1231F}.Release|Any CPU.ActiveCfg = Release|Any CPU
		{0D7080F7-0D24-48C2-A518-5119A3B1231F}.Release|Any CPU.Build.0 = Release|Any CPU
		{0D7080F7-0D24-48C2-A518-5119A3B1231F}.Release|x64.ActiveCfg = Release|x64
		{0D7080F7-0D24-48C2-A518-5119A3B1231F}.Release|x64.Build.0 = Release|x64
		{0D7080F7-0D24-48C2-A518-5119A3B1231F}.Release|x86.ActiveCfg = Release|Any CPU
		{0D7080F7-0D24-48C2-A518-5119A3B1231F}.Release|x86.Build.0 = Release|Any CPU
		{BFC4406F-CA3D-4A8B-B3C0-9EE4644DEBEF}.Debug|Any CPU.ActiveCfg = Debug|Any CPU
		{BFC4406F-CA3D-4A8B-B3C0-9EE4644DEBEF}.Debug|Any CPU.Build.0 = Debug|Any CPU
		{BFC4406F-CA3D-4A8B-B3C0-9EE4644DEBEF}.Debug|x64.ActiveCfg = Debug|x64
		{BFC4406F-CA3D-4A8B-B3C0-9EE4644DEBEF}.Debug|x64.Build.0 = Debug|x64
		{BFC4406F-CA3D-4A8B-B3C0-9EE4644DEBEF}.Debug|x86.ActiveCfg = Debug|Any CPU
		{BFC4406F-CA3D-4A8B-B3C0-9EE4644DEBEF}.Debug|x86.Build.0 = Debug|Any CPU
		{BFC4406F-CA3D-4A8B-B3C0-9EE4644DEBEF}.Release|Any CPU.ActiveCfg = Release|Any CPU
		{BFC4406F-CA3D-4A8B-B3C0-9EE4644DEBEF}.Release|Any CPU.Build.0 = Release|Any CPU
		{BFC4406F-CA3D-4A8B-B3C0-9EE4644DEBEF}.Release|x64.ActiveCfg = Release|x64
		{BFC4406F-CA3D-4A8B-B3C0-9EE4644DEBEF}.Release|x64.Build.0 = Release|x64
		{BFC4406F-CA3D-4A8B-B3C0-9EE4644DEBEF}.Release|x86.ActiveCfg = Release|Any CPU
		{BFC4406F-CA3D-4A8B-B3C0-9EE4644DEBEF}.Release|x86.Build.0 = Release|Any CPU
		{2AD50708-6C87-4BF4-B3CC-1931D9595497}.Debug|Any CPU.ActiveCfg = Debug|Any CPU
		{2AD50708-6C87-4BF4-B3CC-1931D9595497}.Debug|Any CPU.Build.0 = Debug|Any CPU
		{2AD50708-6C87-4BF4-B3CC-1931D9595497}.Debug|x64.ActiveCfg = Debug|Any CPU
		{2AD50708-6C87-4BF4-B3CC-1931D9595497}.Debug|x64.Build.0 = Debug|Any CPU
		{2AD50708-6C87-4BF4-B3CC-1931D9595497}.Debug|x86.ActiveCfg = Debug|Any CPU
		{2AD50708-6C87-4BF4-B3CC-1931D9595497}.Debug|x86.Build.0 = Debug|Any CPU
		{2AD50708-6C87-4BF4-B3CC-1931D9595497}.Release|Any CPU.ActiveCfg = Release|Any CPU
		{2AD50708-6C87-4BF4-B3CC-1931D9595497}.Release|Any CPU.Build.0 = Release|Any CPU
		{2AD50708-6C87-4BF4-B3CC-1931D9595497}.Release|x64.ActiveCfg = Release|x64
		{2AD50708-6C87-4BF4-B3CC-1931D9595497}.Release|x64.Build.0 = Release|x64
		{2AD50708-6C87-4BF4-B3CC-1931D9595497}.Release|x86.ActiveCfg = Release|Any CPU
		{2AD50708-6C87-4BF4-B3CC-1931D9595497}.Release|x86.Build.0 = Release|Any CPU
		{0D63031D-8AEE-475B-AC45-61565E6905A4}.Debug|Any CPU.ActiveCfg = Debug|Any CPU
		{0D63031D-8AEE-475B-AC45-61565E6905A4}.Debug|Any CPU.Build.0 = Debug|Any CPU
		{0D63031D-8AEE-475B-AC45-61565E6905A4}.Debug|x64.ActiveCfg = Debug|Any CPU
		{0D63031D-8AEE-475B-AC45-61565E6905A4}.Debug|x64.Build.0 = Debug|Any CPU
		{0D63031D-8AEE-475B-AC45-61565E6905A4}.Debug|x86.ActiveCfg = Debug|Any CPU
		{0D63031D-8AEE-475B-AC45-61565E6905A4}.Debug|x86.Build.0 = Debug|Any CPU
		{0D63031D-8AEE-475B-AC45-61565E6905A4}.Release|Any CPU.ActiveCfg = Release|Any CPU
		{0D63031D-8AEE-475B-AC45-61565E6905A4}.Release|Any CPU.Build.0 = Release|Any CPU
		{0D63031D-8AEE-475B-AC45-61565E6905A4}.Release|x64.ActiveCfg = Release|x64
		{0D63031D-8AEE-475B-AC45-61565E6905A4}.Release|x64.Build.0 = Release|x64
		{0D63031D-8AEE-475B-AC45-61565E6905A4}.Release|x86.ActiveCfg = Release|Any CPU
		{0D63031D-8AEE-475B-AC45-61565E6905A4}.Release|x86.Build.0 = Release|Any CPU
		{034E8C0E-E6C4-4ED2-AB37-590AA77CBA51}.Debug|Any CPU.ActiveCfg = Debug|Any CPU
		{034E8C0E-E6C4-4ED2-AB37-590AA77CBA51}.Debug|Any CPU.Build.0 = Debug|Any CPU
		{034E8C0E-E6C4-4ED2-AB37-590AA77CBA51}.Debug|x64.ActiveCfg = Debug|Any CPU
		{034E8C0E-E6C4-4ED2-AB37-590AA77CBA51}.Debug|x64.Build.0 = Debug|Any CPU
		{034E8C0E-E6C4-4ED2-AB37-590AA77CBA51}.Debug|x86.ActiveCfg = Debug|Any CPU
		{034E8C0E-E6C4-4ED2-AB37-590AA77CBA51}.Debug|x86.Build.0 = Debug|Any CPU
		{034E8C0E-E6C4-4ED2-AB37-590AA77CBA51}.Release|Any CPU.ActiveCfg = Release|Any CPU
		{034E8C0E-E6C4-4ED2-AB37-590AA77CBA51}.Release|Any CPU.Build.0 = Release|Any CPU
		{034E8C0E-E6C4-4ED2-AB37-590AA77CBA51}.Release|x64.ActiveCfg = Release|x64
		{034E8C0E-E6C4-4ED2-AB37-590AA77CBA51}.Release|x64.Build.0 = Release|x64
		{034E8C0E-E6C4-4ED2-AB37-590AA77CBA51}.Release|x86.ActiveCfg = Release|Any CPU
		{034E8C0E-E6C4-4ED2-AB37-590AA77CBA51}.Release|x86.Build.0 = Release|Any CPU
		{19C009F0-05D6-4C72-B495-E2C3523A7357}.Debug|Any CPU.ActiveCfg = Debug|Any CPU
		{19C009F0-05D6-4C72-B495-E2C3523A7357}.Debug|Any CPU.Build.0 = Debug|Any CPU
		{19C009F0-05D6-4C72-B495-E2C3523A7357}.Debug|x64.ActiveCfg = Debug|Any CPU
		{19C009F0-05D6-4C72-B495-E2C3523A7357}.Debug|x64.Build.0 = Debug|Any CPU
		{19C009F0-05D6-4C72-B495-E2C3523A7357}.Debug|x86.ActiveCfg = Debug|Any CPU
		{19C009F0-05D6-4C72-B495-E2C3523A7357}.Debug|x86.Build.0 = Debug|Any CPU
		{19C009F0-05D6-4C72-B495-E2C3523A7357}.Release|Any CPU.ActiveCfg = Release|Any CPU
		{19C009F0-05D6-4C72-B495-E2C3523A7357}.Release|Any CPU.Build.0 = Release|Any CPU
		{19C009F0-05D6-4C72-B495-E2C3523A7357}.Release|x64.ActiveCfg = Release|x64
		{19C009F0-05D6-4C72-B495-E2C3523A7357}.Release|x64.Build.0 = Release|x64
		{19C009F0-05D6-4C72-B495-E2C3523A7357}.Release|x86.ActiveCfg = Release|Any CPU
		{19C009F0-05D6-4C72-B495-E2C3523A7357}.Release|x86.Build.0 = Release|Any CPU
		{A945DAA7-AB58-4626-AA1A-BE76AF0E1AD6}.Debug|Any CPU.ActiveCfg = Debug|Any CPU
		{A945DAA7-AB58-4626-AA1A-BE76AF0E1AD6}.Debug|Any CPU.Build.0 = Debug|Any CPU
		{A945DAA7-AB58-4626-AA1A-BE76AF0E1AD6}.Debug|x64.ActiveCfg = Debug|Any CPU
		{A945DAA7-AB58-4626-AA1A-BE76AF0E1AD6}.Debug|x64.Build.0 = Debug|Any CPU
		{A945DAA7-AB58-4626-AA1A-BE76AF0E1AD6}.Debug|x86.ActiveCfg = Debug|Any CPU
		{A945DAA7-AB58-4626-AA1A-BE76AF0E1AD6}.Debug|x86.Build.0 = Debug|Any CPU
		{A945DAA7-AB58-4626-AA1A-BE76AF0E1AD6}.Release|Any CPU.ActiveCfg = Release|Any CPU
		{A945DAA7-AB58-4626-AA1A-BE76AF0E1AD6}.Release|Any CPU.Build.0 = Release|Any CPU
		{A945DAA7-AB58-4626-AA1A-BE76AF0E1AD6}.Release|x64.ActiveCfg = Release|x64
		{A945DAA7-AB58-4626-AA1A-BE76AF0E1AD6}.Release|x64.Build.0 = Release|x64
		{A945DAA7-AB58-4626-AA1A-BE76AF0E1AD6}.Release|x86.ActiveCfg = Release|Any CPU
		{A945DAA7-AB58-4626-AA1A-BE76AF0E1AD6}.Release|x86.Build.0 = Release|Any CPU
	EndGlobalSection
	GlobalSection(SolutionProperties) = preSolution
		HideSolutionNode = FALSE
	EndGlobalSection
	GlobalSection(ExtensibilityGlobals) = postSolution
		SolutionGuid = {695649EE-BDA5-4C78-98B2-C834F68B33D3}
	EndGlobalSection
	GlobalSection(SharedMSBuildProjectFiles) = preSolution
		TunnelDweller.Shared\TunnelDweller.Shared.projitems*{06a53c11-03e4-44bf-9373-33210cff09f4}*SharedItemsImports = 13
		TunnelDweller.Shared\TunnelDweller.Shared.projitems*{19c009f0-05d6-4c72-b495-e2c3523a7357}*SharedItemsImports = 5
		TunnelDweller.Shared\TunnelDweller.Shared.projitems*{9093748e-9c57-453e-bd72-f65c9eff381b}*SharedItemsImports = 4
		TunnelDweller.Shared\TunnelDweller.Shared.projitems*{bfc4406f-ca3d-4a8b-b3c0-9ee4644debef}*SharedItemsImports = 5
	EndGlobalSection
EndGlobal
